// !$*UTF8*$!
{
	archiveVersion = 1;
	classes = {
	};
	objectVersion = 56;
	objects = {

/* Begin PBXBuildFile section */
		CB29DDA3296729D2005391CE /* AppDelegate.swift in Sources */ = {isa = PBXBuildFile; fileRef = CB29DDA2296729D2005391CE /* AppDelegate.swift */; };
		CB29DDA5296729D2005391CE /* SceneDelegate.swift in Sources */ = {isa = PBXBuildFile; fileRef = CB29DDA4296729D2005391CE /* SceneDelegate.swift */; };
		CB29DDA7296729D2005391CE /* ArticleListTableVC.swift in Sources */ = {isa = PBXBuildFile; fileRef = CB29DDA6296729D2005391CE /* ArticleListTableVC.swift */; };
		CB29DDAC296729D4005391CE /* Assets.xcassets in Resources */ = {isa = PBXBuildFile; fileRef = CB29DDAB296729D4005391CE /* Assets.xcassets */; };
		CB29DDAF296729D4005391CE /* LaunchScreen.storyboard in Resources */ = {isa = PBXBuildFile; fileRef = CB29DDAD296729D4005391CE /* LaunchScreen.storyboard */; };
		CB29DDBB29672DE8005391CE /* WebService.swift in Sources */ = {isa = PBXBuildFile; fileRef = CB29DDBA29672DE8005391CE /* WebService.swift */; };
		CB29DDBD29672E05005391CE /* Article.swift in Sources */ = {isa = PBXBuildFile; fileRef = CB29DDBC29672E05005391CE /* Article.swift */; };
		CB29DDC029672E39005391CE /* ArticleListTableViewCell.swift in Sources */ = {isa = PBXBuildFile; fileRef = CB29DDBF29672E39005391CE /* ArticleListTableViewCell.swift */; };
		CB29DDC229672E5D005391CE /* TitleLabel.swift in Sources */ = {isa = PBXBuildFile; fileRef = CB29DDC129672E5D005391CE /* TitleLabel.swift */; };
		CB29DDC429672E69005391CE /* BodyLabel.swift in Sources */ = {isa = PBXBuildFile; fileRef = CB29DDC329672E69005391CE /* BodyLabel.swift */; };
		CB29DDC629672E97005391CE /* ArticleListViewModel.swift in Sources */ = {isa = PBXBuildFile; fileRef = CB29DDC529672E97005391CE /* ArticleListViewModel.swift */; };
		CB29DDCA29673790005391CE /* ErrorMessages.swift in Sources */ = {isa = PBXBuildFile; fileRef = CB29DDC929673790005391CE /* ErrorMessages.swift */; };
		CB577434296F2C6D00746A73 /* ArticleVC.swift in Sources */ = {isa = PBXBuildFile; fileRef = CB577433296F2C6D00746A73 /* ArticleVC.swift */; };
		CB5EB9FA29707137009F99F0 /* ArticleViewModel.swift in Sources */ = {isa = PBXBuildFile; fileRef = CB5EB9F929707137009F99F0 /* ArticleViewModel.swift */; };
		CB5EB9FC29707405009F99F0 /* BannerImage.swift in Sources */ = {isa = PBXBuildFile; fileRef = CB5EB9FB29707405009F99F0 /* BannerImage.swift */; };
		CB99A984296DB50400DF3834 /* Thumbnail.swift in Sources */ = {isa = PBXBuildFile; fileRef = CB99A983296DB50400DF3834 /* Thumbnail.swift */; };
/* End PBXBuildFile section */

/* Begin PBXFileReference section */
		CB29DD9F296729D2005391CE /* piece-of-cake.app */ = {isa = PBXFileReference; explicitFileType = wrapper.application; includeInIndex = 0; path = "piece-of-cake.app"; sourceTree = BUILT_PRODUCTS_DIR; };
		CB29DDA2296729D2005391CE /* AppDelegate.swift */ = {isa = PBXFileReference; lastKnownFileType = sourcecode.swift; path = AppDelegate.swift; sourceTree = "<group>"; };
		CB29DDA4296729D2005391CE /* SceneDelegate.swift */ = {isa = PBXFileReference; lastKnownFileType = sourcecode.swift; path = SceneDelegate.swift; sourceTree = "<group>"; };
		CB29DDA6296729D2005391CE /* ArticleListTableVC.swift */ = {isa = PBXFileReference; lastKnownFileType = sourcecode.swift; path = ArticleListTableVC.swift; sourceTree = "<group>"; };
		CB29DDAB296729D4005391CE /* Assets.xcassets */ = {isa = PBXFileReference; lastKnownFileType = folder.assetcatalog; path = Assets.xcassets; sourceTree = "<group>"; };
		CB29DDAE296729D4005391CE /* Base */ = {isa = PBXFileReference; lastKnownFileType = file.storyboard; name = Base; path = Base.lproj/LaunchScreen.storyboard; sourceTree = "<group>"; };
		CB29DDB0296729D4005391CE /* Info.plist */ = {isa = PBXFileReference; lastKnownFileType = text.plist.xml; path = Info.plist; sourceTree = "<group>"; };
		CB29DDBA29672DE8005391CE /* WebService.swift */ = {isa = PBXFileReference; lastKnownFileType = sourcecode.swift; path = WebService.swift; sourceTree = "<group>"; };
		CB29DDBC29672E05005391CE /* Article.swift */ = {isa = PBXFileReference; lastKnownFileType = sourcecode.swift; path = Article.swift; sourceTree = "<group>"; };
		CB29DDBF29672E39005391CE /* ArticleListTableViewCell.swift */ = {isa = PBXFileReference; lastKnownFileType = sourcecode.swift; path = ArticleListTableViewCell.swift; sourceTree = "<group>"; };
		CB29DDC129672E5D005391CE /* TitleLabel.swift */ = {isa = PBXFileReference; lastKnownFileType = sourcecode.swift; path = TitleLabel.swift; sourceTree = "<group>"; };
		CB29DDC329672E69005391CE /* BodyLabel.swift */ = {isa = PBXFileReference; lastKnownFileType = sourcecode.swift; path = BodyLabel.swift; sourceTree = "<group>"; };
		CB29DDC529672E97005391CE /* ArticleListViewModel.swift */ = {isa = PBXFileReference; lastKnownFileType = sourcecode.swift; path = ArticleListViewModel.swift; sourceTree = "<group>"; };
		CB29DDC929673790005391CE /* ErrorMessages.swift */ = {isa = PBXFileReference; lastKnownFileType = sourcecode.swift; path = ErrorMessages.swift; sourceTree = "<group>"; };
		CB577433296F2C6D00746A73 /* ArticleVC.swift */ = {isa = PBXFileReference; lastKnownFileType = sourcecode.swift; path = ArticleVC.swift; sourceTree = "<group>"; };
		CB5EB9F929707137009F99F0 /* ArticleViewModel.swift */ = {isa = PBXFileReference; lastKnownFileType = sourcecode.swift; path = ArticleViewModel.swift; sourceTree = "<group>"; };
		CB5EB9FB29707405009F99F0 /* BannerImage.swift */ = {isa = PBXFileReference; lastKnownFileType = sourcecode.swift; path = BannerImage.swift; sourceTree = "<group>"; };
		CB99A983296DB50400DF3834 /* Thumbnail.swift */ = {isa = PBXFileReference; lastKnownFileType = sourcecode.swift; path = Thumbnail.swift; sourceTree = "<group>"; };
/* End PBXFileReference section */

/* Begin PBXFrameworksBuildPhase section */
		CB29DD9C296729D2005391CE /* Frameworks */ = {
			isa = PBXFrameworksBuildPhase;
			buildActionMask = 2147483647;
			files = (
			);
			runOnlyForDeploymentPostprocessing = 0;
		};
/* End PBXFrameworksBuildPhase section */

/* Begin PBXGroup section */
		CB29DD96296729D2005391CE = {
			isa = PBXGroup;
			children = (
				CB29DDA1296729D2005391CE /* piece-of-cake */,
				CB29DDA0296729D2005391CE /* Products */,
			);
			sourceTree = "<group>";
		};
		CB29DDA0296729D2005391CE /* Products */ = {
			isa = PBXGroup;
			children = (
				CB29DD9F296729D2005391CE /* piece-of-cake.app */,
			);
			name = Products;
			sourceTree = "<group>";
		};
		CB29DDA1296729D2005391CE /* piece-of-cake */ = {
			isa = PBXGroup;
			children = (
				CB29DDC729672EA2005391CE /* App */,
				CB29DDBE29672E16005391CE /* Views */,
				CB29DDB929672DC5005391CE /* Controllers */,
				CB29DDB829672D97005391CE /* Services */,
				CB29DDB729672D8F005391CE /* ViewModels */,
				CB29DDC82967376B005391CE /* Utils */,
				CB29DDB629672D87005391CE /* Models */,
			);
			path = "piece-of-cake";
			sourceTree = "<group>";
		};
		CB29DDB629672D87005391CE /* Models */ = {
			isa = PBXGroup;
			children = (
				CB29DDBC29672E05005391CE /* Article.swift */,
			);
			path = Models;
			sourceTree = "<group>";
		};
		CB29DDB729672D8F005391CE /* ViewModels */ = {
			isa = PBXGroup;
			children = (
				CB29DDC529672E97005391CE /* ArticleListViewModel.swift */,
				CB5EB9F929707137009F99F0 /* ArticleViewModel.swift */,
			);
			path = ViewModels;
			sourceTree = "<group>";
		};
		CB29DDB829672D97005391CE /* Services */ = {
			isa = PBXGroup;
			children = (
				CB29DDBA29672DE8005391CE /* WebService.swift */,
			);
			path = Services;
			sourceTree = "<group>";
		};
		CB29DDB929672DC5005391CE /* Controllers */ = {
			isa = PBXGroup;
			children = (
				CB29DDA6296729D2005391CE /* ArticleListTableVC.swift */,
				CB577433296F2C6D00746A73 /* ArticleVC.swift */,
			);
			path = Controllers;
			sourceTree = "<group>";
		};
		CB29DDBE29672E16005391CE /* Views */ = {
			isa = PBXGroup;
			children = (
				CB29DDBF29672E39005391CE /* ArticleListTableViewCell.swift */,
				CB29DDC129672E5D005391CE /* TitleLabel.swift */,
				CB29DDC329672E69005391CE /* BodyLabel.swift */,
				CB99A983296DB50400DF3834 /* Thumbnail.swift */,
				CB5EB9FB29707405009F99F0 /* BannerImage.swift */,
			);
			path = Views;
			sourceTree = "<group>";
		};
		CB29DDC729672EA2005391CE /* App */ = {
			isa = PBXGroup;
			children = (
				CB29DDA2296729D2005391CE /* AppDelegate.swift */,
				CB29DDA4296729D2005391CE /* SceneDelegate.swift */,
				CB29DDAB296729D4005391CE /* Assets.xcassets */,
				CB29DDAD296729D4005391CE /* LaunchScreen.storyboard */,
				CB29DDB0296729D4005391CE /* Info.plist */,
			);
			path = App;
			sourceTree = "<group>";
		};
		CB29DDC82967376B005391CE /* Utils */ = {
			isa = PBXGroup;
			children = (
				CB29DDC929673790005391CE /* ErrorMessages.swift */,
			);
			path = Utils;
			sourceTree = "<group>";
		};
/* End PBXGroup section */

/* Begin PBXNativeTarget section */
		CB29DD9E296729D2005391CE /* piece-of-cake */ = {
			isa = PBXNativeTarget;
			buildConfigurationList = CB29DDB3296729D4005391CE /* Build configuration list for PBXNativeTarget "piece-of-cake" */;
			buildPhases = (
				CB29DD9B296729D2005391CE /* Sources */,
				CB29DD9C296729D2005391CE /* Frameworks */,
				CB29DD9D296729D2005391CE /* Resources */,
			);
			buildRules = (
			);
			dependencies = (
			);
			name = "piece-of-cake";
			productName = "piece-of-cake";
			productReference = CB29DD9F296729D2005391CE /* piece-of-cake.app */;
			productType = "com.apple.product-type.application";
		};
/* End PBXNativeTarget section */

/* Begin PBXProject section */
		CB29DD97296729D2005391CE /* Project object */ = {
			isa = PBXProject;
			attributes = {
				BuildIndependentTargetsInParallel = 1;
				LastSwiftUpdateCheck = 1410;
				LastUpgradeCheck = 1410;
				TargetAttributes = {
					CB29DD9E296729D2005391CE = {
						CreatedOnToolsVersion = 14.1;
					};
				};
			};
			buildConfigurationList = CB29DD9A296729D2005391CE /* Build configuration list for PBXProject "piece-of-cake" */;
			compatibilityVersion = "Xcode 14.0";
			developmentRegion = en;
			hasScannedForEncodings = 0;
			knownRegions = (
				en,
				Base,
			);
			mainGroup = CB29DD96296729D2005391CE;
			productRefGroup = CB29DDA0296729D2005391CE /* Products */;
			projectDirPath = "";
			projectRoot = "";
			targets = (
				CB29DD9E296729D2005391CE /* piece-of-cake */,
			);
		};
/* End PBXProject section */

/* Begin PBXResourcesBuildPhase section */
		CB29DD9D296729D2005391CE /* Resources */ = {
			isa = PBXResourcesBuildPhase;
			buildActionMask = 2147483647;
			files = (
				CB29DDAF296729D4005391CE /* LaunchScreen.storyboard in Resources */,
				CB29DDAC296729D4005391CE /* Assets.xcassets in Resources */,
			);
			runOnlyForDeploymentPostprocessing = 0;
		};
/* End PBXResourcesBuildPhase section */

/* Begin PBXSourcesBuildPhase section */
		CB29DD9B296729D2005391CE /* Sources */ = {
			isa = PBXSourcesBuildPhase;
			buildActionMask = 2147483647;
			files = (
				CB29DDC429672E69005391CE /* BodyLabel.swift in Sources */,
				CB29DDA7296729D2005391CE /* ArticleListTableVC.swift in Sources */,
				CB5EB9FA29707137009F99F0 /* ArticleViewModel.swift in Sources */,
				CB29DDA3296729D2005391CE /* AppDelegate.swift in Sources */,
				CB29DDC029672E39005391CE /* ArticleListTableViewCell.swift in Sources */,
				CB29DDBB29672DE8005391CE /* WebService.swift in Sources */,
				CB29DDC229672E5D005391CE /* TitleLabel.swift in Sources */,
				CB5EB9FC29707405009F99F0 /* BannerImage.swift in Sources */,
				CB29DDC629672E97005391CE /* ArticleListViewModel.swift in Sources */,
				CB577434296F2C6D00746A73 /* ArticleVC.swift in Sources */,
				CB29DDA5296729D2005391CE /* SceneDelegate.swift in Sources */,
				CB29DDCA29673790005391CE /* ErrorMessages.swift in Sources */,
				CB29DDBD29672E05005391CE /* Article.swift in Sources */,
				CB99A984296DB50400DF3834 /* Thumbnail.swift in Sources */,
			);
			runOnlyForDeploymentPostprocessing = 0;
		};
/* End PBXSourcesBuildPhase section */

/* Begin PBXVariantGroup section */
		CB29DDAD296729D4005391CE /* LaunchScreen.storyboard */ = {
			isa = PBXVariantGroup;
			children = (
				CB29DDAE296729D4005391CE /* Base */,
			);
			name = LaunchScreen.storyboard;
			sourceTree = "<group>";
		};
/* End PBXVariantGroup section */

/* Begin XCBuildConfiguration section */
		CB29DDB1296729D4005391CE /* Debug */ = {
			isa = XCBuildConfiguration;
			buildSettings = {
				ALWAYS_SEARCH_USER_PATHS = NO;
				CLANG_ANALYZER_NONNULL = YES;
				CLANG_ANALYZER_NUMBER_OBJECT_CONVERSION = YES_AGGRESSIVE;
				CLANG_CXX_LANGUAGE_STANDARD = "gnu++20";
				CLANG_ENABLE_MODULES = YES;
				CLANG_ENABLE_OBJC_ARC = YES;
				CLANG_ENABLE_OBJC_WEAK = YES;
				CLANG_WARN_BLOCK_CAPTURE_AUTORELEASING = YES;
				CLANG_WARN_BOOL_CONVERSION = YES;
				CLANG_WARN_COMMA = YES;
				CLANG_WARN_CONSTANT_CONVERSION = YES;
				CLANG_WARN_DEPRECATED_OBJC_IMPLEMENTATIONS = YES;
				CLANG_WARN_DIRECT_OBJC_ISA_USAGE = YES_ERROR;
				CLANG_WARN_DOCUMENTATION_COMMENTS = YES;
				CLANG_WARN_EMPTY_BODY = YES;
				CLANG_WARN_ENUM_CONVERSION = YES;
				CLANG_WARN_INFINITE_RECURSION = YES;
				CLANG_WARN_INT_CONVERSION = YES;
				CLANG_WARN_NON_LITERAL_NULL_CONVERSION = YES;
				CLANG_WARN_OBJC_IMPLICIT_RETAIN_SELF = YES;
				CLANG_WARN_OBJC_LITERAL_CONVERSION = YES;
				CLANG_WARN_OBJC_ROOT_CLASS = YES_ERROR;
				CLANG_WARN_QUOTED_INCLUDE_IN_FRAMEWORK_HEADER = YES;
				CLANG_WARN_RANGE_LOOP_ANALYSIS = YES;
				CLANG_WARN_STRICT_PROTOTYPES = YES;
				CLANG_WARN_SUSPICIOUS_MOVE = YES;
				CLANG_WARN_UNGUARDED_AVAILABILITY = YES_AGGRESSIVE;
				CLANG_WARN_UNREACHABLE_CODE = YES;
				CLANG_WARN__DUPLICATE_METHOD_MATCH = YES;
				COPY_PHASE_STRIP = NO;
				DEBUG_INFORMATION_FORMAT = dwarf;
				ENABLE_STRICT_OBJC_MSGSEND = YES;
				ENABLE_TESTABILITY = YES;
				GCC_C_LANGUAGE_STANDARD = gnu11;
				GCC_DYNAMIC_NO_PIC = NO;
				GCC_NO_COMMON_BLOCKS = YES;
				GCC_OPTIMIZATION_LEVEL = 0;
				GCC_PREPROCESSOR_DEFINITIONS = (
					"DEBUG=1",
					"$(inherited)",
				);
				GCC_WARN_64_TO_32_BIT_CONVERSION = YES;
				GCC_WARN_ABOUT_RETURN_TYPE = YES_ERROR;
				GCC_WARN_UNDECLARED_SELECTOR = YES;
				GCC_WARN_UNINITIALIZED_AUTOS = YES_AGGRESSIVE;
				GCC_WARN_UNUSED_FUNCTION = YES;
				GCC_WARN_UNUSED_VARIABLE = YES;
				IPHONEOS_DEPLOYMENT_TARGET = 16.1;
				MTL_ENABLE_DEBUG_INFO = INCLUDE_SOURCE;
				MTL_FAST_MATH = YES;
				ONLY_ACTIVE_ARCH = YES;
				SDKROOT = iphoneos;
				SWIFT_ACTIVE_COMPILATION_CONDITIONS = DEBUG;
				SWIFT_OPTIMIZATION_LEVEL = "-Onone";
			};
			name = Debug;
		};
		CB29DDB2296729D4005391CE /* Release */ = {
			isa = XCBuildConfiguration;
			buildSettings = {
				ALWAYS_SEARCH_USER_PATHS = NO;
				CLANG_ANALYZER_NONNULL = YES;
				CLANG_ANALYZER_NUMBER_OBJECT_CONVERSION = YES_AGGRESSIVE;
				CLANG_CXX_LANGUAGE_STANDARD = "gnu++20";
				CLANG_ENABLE_MODULES = YES;
				CLANG_ENABLE_OBJC_ARC = YES;
				CLANG_ENABLE_OBJC_WEAK = YES;
				CLANG_WARN_BLOCK_CAPTURE_AUTORELEASING = YES;
				CLANG_WARN_BOOL_CONVERSION = YES;
				CLANG_WARN_COMMA = YES;
				CLANG_WARN_CONSTANT_CONVERSION = YES;
				CLANG_WARN_DEPRECATED_OBJC_IMPLEMENTATIONS = YES;
				CLANG_WARN_DIRECT_OBJC_ISA_USAGE = YES_ERROR;
				CLANG_WARN_DOCUMENTATION_COMMENTS = YES;
				CLANG_WARN_EMPTY_BODY = YES;
				CLANG_WARN_ENUM_CONVERSION = YES;
				CLANG_WARN_INFINITE_RECURSION = YES;
				CLANG_WARN_INT_CONVERSION = YES;
				CLANG_WARN_NON_LITERAL_NULL_CONVERSION = YES;
				CLANG_WARN_OBJC_IMPLICIT_RETAIN_SELF = YES;
				CLANG_WARN_OBJC_LITERAL_CONVERSION = YES;
				CLANG_WARN_OBJC_ROOT_CLASS = YES_ERROR;
				CLANG_WARN_QUOTED_INCLUDE_IN_FRAMEWORK_HEADER = YES;
				CLANG_WARN_RANGE_LOOP_ANALYSIS = YES;
				CLANG_WARN_STRICT_PROTOTYPES = YES;
				CLANG_WARN_SUSPICIOUS_MOVE = YES;
				CLANG_WARN_UNGUARDED_AVAILABILITY = YES_AGGRESSIVE;
				CLANG_WARN_UNREACHABLE_CODE = YES;
				CLANG_WARN__DUPLICATE_METHOD_MATCH = YES;
				COPY_PHASE_STRIP = NO;
				DEBUG_INFORMATION_FORMAT = "dwarf-with-dsym";
				ENABLE_NS_ASSERTIONS = NO;
				ENABLE_STRICT_OBJC_MSGSEND = YES;
				GCC_C_LANGUAGE_STANDARD = gnu11;
				GCC_NO_COMMON_BLOCKS = YES;
				GCC_WARN_64_TO_32_BIT_CONVERSION = YES;
				GCC_WARN_ABOUT_RETURN_TYPE = YES_ERROR;
				GCC_WARN_UNDECLARED_SELECTOR = YES;
				GCC_WARN_UNINITIALIZED_AUTOS = YES_AGGRESSIVE;
				GCC_WARN_UNUSED_FUNCTION = YES;
				GCC_WARN_UNUSED_VARIABLE = YES;
				IPHONEOS_DEPLOYMENT_TARGET = 16.1;
				MTL_ENABLE_DEBUG_INFO = NO;
				MTL_FAST_MATH = YES;
				SDKROOT = iphoneos;
				SWIFT_COMPILATION_MODE = wholemodule;
				SWIFT_OPTIMIZATION_LEVEL = "-O";
				VALIDATE_PRODUCT = YES;
			};
			name = Release;
		};
		CB29DDB4296729D4005391CE /* Debug */ = {
			isa = XCBuildConfiguration;
			buildSettings = {
				ASSETCATALOG_COMPILER_APPICON_NAME = AppIcon;
				ASSETCATALOG_COMPILER_GLOBAL_ACCENT_COLOR_NAME = AccentColor;
				CODE_SIGN_STYLE = Automatic;
				CURRENT_PROJECT_VERSION = 1;
				DEVELOPMENT_TEAM = TQX48B3375;
				GENERATE_INFOPLIST_FILE = YES;
				INFOPLIST_FILE = "piece-of-cake/App/Info.plist";
				INFOPLIST_KEY_UIApplicationSupportsIndirectInputEvents = YES;
				INFOPLIST_KEY_UILaunchStoryboardName = LaunchScreen;
				INFOPLIST_KEY_UIStatusBarStyle = UIStatusBarStyleLightContent;
				INFOPLIST_KEY_UISupportedInterfaceOrientations_iPad = "UIInterfaceOrientationPortrait UIInterfaceOrientationPortraitUpsideDown UIInterfaceOrientationLandscapeLeft UIInterfaceOrientationLandscapeRight";
				INFOPLIST_KEY_UISupportedInterfaceOrientations_iPhone = "UIInterfaceOrientationPortrait UIInterfaceOrientationLandscapeLeft UIInterfaceOrientationLandscapeRight";
				LD_RUNPATH_SEARCH_PATHS = (
					"$(inherited)",
					"@executable_path/Frameworks",
				);
				MARKETING_VERSION = 1.0;
				PRODUCT_BUNDLE_IDENTIFIER = "hoonjoo.piece-of-cake";
				PRODUCT_NAME = "$(TARGET_NAME)";
				SUPPORTED_PLATFORMS = "iphoneos iphonesimulator";
				SUPPORTS_MACCATALYST = NO;
				SUPPORTS_MAC_DESIGNED_FOR_IPHONE_IPAD = NO;
				SWIFT_EMIT_LOC_STRINGS = YES;
				SWIFT_VERSION = 5.0;
				TARGETED_DEVICE_FAMILY = 1;
			};
			name = Debug;
		};
		CB29DDB5296729D4005391CE /* Release */ = {
			isa = XCBuildConfiguration;
			buildSettings = {
				ASSETCATALOG_COMPILER_APPICON_NAME = AppIcon;
				ASSETCATALOG_COMPILER_GLOBAL_ACCENT_COLOR_NAME = AccentColor;
				CODE_SIGN_STYLE = Automatic;
				CURRENT_PROJECT_VERSION = 1;
				DEVELOPMENT_TEAM = TQX48B3375;
				GENERATE_INFOPLIST_FILE = YES;
				INFOPLIST_FILE = "piece-of-cake/App/Info.plist";
				INFOPLIST_KEY_UIApplicationSupportsIndirectInputEvents = YES;
				INFOPLIST_KEY_UILaunchStoryboardName = LaunchScreen;
				INFOPLIST_KEY_UIStatusBarStyle = UIStatusBarStyleLightContent;
				INFOPLIST_KEY_UISupportedInterfaceOrientations_iPad = "UIInterfaceOrientationPortrait UIInterfaceOrientationPortraitUpsideDown UIInterfaceOrientationLandscapeLeft UIInterfaceOrientationLandscapeRight";
				INFOPLIST_KEY_UISupportedInterfaceOrientations_iPhone = "UIInterfaceOrientationPortrait UIInterfaceOrientationLandscapeLeft UIInterfaceOrientationLandscapeRight";
				LD_RUNPATH_SEARCH_PATHS = (
					"$(inherited)",
					"@executable_path/Frameworks",
				);
				MARKETING_VERSION = 1.0;
				PRODUCT_BUNDLE_IDENTIFIER = "hoonjoo.piece-of-cake";
				PRODUCT_NAME = "$(TARGET_NAME)";
				SUPPORTED_PLATFORMS = "iphoneos iphonesimulator";
				SUPPORTS_MACCATALYST = NO;
				SUPPORTS_MAC_DESIGNED_FOR_IPHONE_IPAD = NO;
				SWIFT_EMIT_LOC_STRINGS = YES;
				SWIFT_VERSION = 5.0;
				TARGETED_DEVICE_FAMILY = 1;
			};
			name = Release;
		};
/* End XCBuildConfiguration section */

/* Begin XCConfigurationList section */
		CB29DD9A296729D2005391CE /* Build configuration list for PBXProject "piece-of-cake" */ = {
			isa = XCConfigurationList;
			buildConfigurations = (
				CB29DDB1296729D4005391CE /* Debug */,
				CB29DDB2296729D4005391CE /* Release */,
			);
			defaultConfigurationIsVisible = 0;
			defaultConfigurationName = Release;
		};
		CB29DDB3296729D4005391CE /* Build configuration list for PBXNativeTarget "piece-of-cake" */ = {
			isa = XCConfigurationList;
			buildConfigurations = (
				CB29DDB4296729D4005391CE /* Debug */,
				CB29DDB5296729D4005391CE /* Release */,
			);
			defaultConfigurationIsVisible = 0;
			defaultConfigurationName = Release;
		};
/* End XCConfigurationList section */
	};
	rootObject = CB29DD97296729D2005391CE /* Project object */;
}
